
Microsoft Visual Studio Solution File, Format Version 12.00
# Visual Studio Version 17
VisualStudioVersion = 17.0.32112.339
MinimumVisualStudioVersion = 10.0.40219.1
Project("{11A8DD76-328B-46DF-9F39-F559912D0360}") = "Bytewizer.NanoCLR.Core", "core\Bytewizer.NanoCLR.Core\Bytewizer.NanoCLR.Core.nfproj", "{277FF54D-2AB8-4879-981D-0BAF9425B1C2}"
EndProject
Project("{11A8DD76-328B-46DF-9F39-F559912D0360}") = "Bytewizer.NanoCLR.Assertions", "assertions\Bytewizer.NanoCLR.Assertions\Bytewizer.NanoCLR.Assertions.nfproj", "{382B6B3B-9E10-4412-A6A6-8A57611B53A3}"
EndProject
Project("{11A8DD76-328B-46DF-9F39-F559912D0360}") = "Bytewizer.NanoCLR.Stopwatch", "stopwatch\Bytewizer.NanoCLR.Stopwatch\Bytewizer.NanoCLR.Stopwatch.nfproj", "{22674C25-364F-4B4F-8E7E-0CF0F3164DE3}"
EndProject
Project("{11A8DD76-328B-46DF-9F39-F559912D0360}") = "Bytewizer.NanoCLR.Pipeline", "pipeline\Bytewizer.NanoCLR.Pipeline\Bytewizer.NanoCLR.Pipeline.nfproj", "{9E0EA58E-9307-44A4-8E91-851E0F8F5F4D}"
EndProject
Project("{11A8DD76-328B-46DF-9F39-F559912D0360}") = "Bytewizer.NanoCLR.Numerics", "numerics\Bytewizer.NanoCLR.Numerics\Bytewizer.NanoCLR.Numerics.nfproj", "{D739C278-59AE-4B72-9117-CCA8BEC9FAB9}"
EndProject
Project("{11A8DD76-328B-46DF-9F39-F559912D0360}") = "Bytewizer.NanoCLR.Compression", "compression\Bytewizer.NanoCLR.Compression\Bytewizer.NanoCLR.Compression.nfproj", "{EF05A461-F910-451D-897A-C15DF875A5D0}"
EndProject
Project("{11A8DD76-328B-46DF-9F39-F559912D0360}") = "Bytewizer.NanoCLR.Logging.Abstractions", "logging\Bytewizer.NanoCLR.Logging.Abstractions\Bytewizer.NanoCLR.Logging.Abstractions.nfproj", "{E6EDBF3E-77E6-4545-ADBD-D8DC17D24A5F}"
EndProject
Project("{11A8DD76-328B-46DF-9F39-F559912D0360}") = "Bytewizer.NanoCLR.Logging", "logging\Bytewizer.NanoCLR.Logging\Bytewizer.NanoCLR.Logging.nfproj", "{704E8F21-C61E-4E41-920D-FA88D876985C}"
EndProject
Project("{11A8DD76-328B-46DF-9F39-F559912D0360}") = "Bytewizer.NanoCLR.Logging.Debug", "logging\Bytewizer.NanoCLR.Logging.Debug\Bytewizer.NanoCLR.Logging.Debug.nfproj", "{6E8DEE5A-438C-4233-A1C1-D1AB703D680D}"
EndProject
Project("{11A8DD76-328B-46DF-9F39-F559912D0360}") = "Bytewizer.NanoCLR.Logging.Extensions", "logging\Bytewizer.NanoCLR.Logging.Extensions\Bytewizer.NanoCLR.Logging.Extensions.nfproj", "{093CA1A1-99D6-4428-B352-E6F02647C868}"
EndProject
Project("{11A8DD76-328B-46DF-9F39-F559912D0360}") = "Bytewizer.NanoCLR.Compression.GZip", "compression\Bytewizer.NanoCLR.Compression.GZip\Bytewizer.NanoCLR.Compression.GZip.nfproj", "{B1B72CA2-7C8A-4C81-A946-5C8C42D654A0}"
EndProject
Project("{11A8DD76-328B-46DF-9F39-F559912D0360}") = "Bytewizer.NanoCLR.Compression.Zip", "compression\Bytewizer.NanoCLR.Compression.Zip\Bytewizer.NanoCLR.Compression.Zip.nfproj", "{E945410D-B90A-469F-9D5B-24074BA3ECE9}"
EndProject
Project("{11A8DD76-328B-46DF-9F39-F559912D0360}") = "Bytewizer.NanoCLR.DependencyInjection.Abstractions", "di\Bytewizer.NanoCLR.DependencyInjection.Abstractions\Bytewizer.NanoCLR.DependencyInjection.Abstractions.nfproj", "{3587E97C-37DC-4F64-8C01-9F4C8878D651}"
EndProject
Project("{11A8DD76-328B-46DF-9F39-F559912D0360}") = "Bytewizer.NanoCLR.DependencyInjection", "di\Bytewizer.NanoCLR.DependencyInjection\Bytewizer.NanoCLR.DependencyInjection.nfproj", "{63E90A00-3EB9-4573-B604-CCD025D88C8C}"
EndProject
Global
	GlobalSection(SolutionConfigurationPlatforms) = preSolution
		Debug|Any CPU = Debug|Any CPU
		Release|Any CPU = Release|Any CPU
	EndGlobalSection
	GlobalSection(ProjectConfigurationPlatforms) = postSolution
		{277FF54D-2AB8-4879-981D-0BAF9425B1C2}.Debug|Any CPU.ActiveCfg = Debug|Any CPU
		{277FF54D-2AB8-4879-981D-0BAF9425B1C2}.Debug|Any CPU.Build.0 = Debug|Any CPU
		{277FF54D-2AB8-4879-981D-0BAF9425B1C2}.Debug|Any CPU.Deploy.0 = Debug|Any CPU
		{277FF54D-2AB8-4879-981D-0BAF9425B1C2}.Release|Any CPU.ActiveCfg = Release|Any CPU
		{277FF54D-2AB8-4879-981D-0BAF9425B1C2}.Release|Any CPU.Build.0 = Release|Any CPU
		{277FF54D-2AB8-4879-981D-0BAF9425B1C2}.Release|Any CPU.Deploy.0 = Release|Any CPU
		{382B6B3B-9E10-4412-A6A6-8A57611B53A3}.Debug|Any CPU.ActiveCfg = Debug|Any CPU
		{382B6B3B-9E10-4412-A6A6-8A57611B53A3}.Debug|Any CPU.Build.0 = Debug|Any CPU
		{382B6B3B-9E10-4412-A6A6-8A57611B53A3}.Debug|Any CPU.Deploy.0 = Debug|Any CPU
		{382B6B3B-9E10-4412-A6A6-8A57611B53A3}.Release|Any CPU.ActiveCfg = Release|Any CPU
		{382B6B3B-9E10-4412-A6A6-8A57611B53A3}.Release|Any CPU.Build.0 = Release|Any CPU
		{382B6B3B-9E10-4412-A6A6-8A57611B53A3}.Release|Any CPU.Deploy.0 = Release|Any CPU
		{22674C25-364F-4B4F-8E7E-0CF0F3164DE3}.Debug|Any CPU.ActiveCfg = Debug|Any CPU
		{22674C25-364F-4B4F-8E7E-0CF0F3164DE3}.Debug|Any CPU.Build.0 = Debug|Any CPU
		{22674C25-364F-4B4F-8E7E-0CF0F3164DE3}.Debug|Any CPU.Deploy.0 = Debug|Any CPU
		{22674C25-364F-4B4F-8E7E-0CF0F3164DE3}.Release|Any CPU.ActiveCfg = Release|Any CPU
		{22674C25-364F-4B4F-8E7E-0CF0F3164DE3}.Release|Any CPU.Build.0 = Release|Any CPU
		{22674C25-364F-4B4F-8E7E-0CF0F3164DE3}.Release|Any CPU.Deploy.0 = Release|Any CPU
		{9E0EA58E-9307-44A4-8E91-851E0F8F5F4D}.Debug|Any CPU.ActiveCfg = Debug|Any CPU
		{9E0EA58E-9307-44A4-8E91-851E0F8F5F4D}.Debug|Any CPU.Build.0 = Debug|Any CPU
		{9E0EA58E-9307-44A4-8E91-851E0F8F5F4D}.Debug|Any CPU.Deploy.0 = Debug|Any CPU
		{9E0EA58E-9307-44A4-8E91-851E0F8F5F4D}.Release|Any CPU.ActiveCfg = Release|Any CPU
		{9E0EA58E-9307-44A4-8E91-851E0F8F5F4D}.Release|Any CPU.Build.0 = Release|Any CPU
		{9E0EA58E-9307-44A4-8E91-851E0F8F5F4D}.Release|Any CPU.Deploy.0 = Release|Any CPU
		{D739C278-59AE-4B72-9117-CCA8BEC9FAB9}.Debug|Any CPU.ActiveCfg = Debug|Any CPU
		{D739C278-59AE-4B72-9117-CCA8BEC9FAB9}.Debug|Any CPU.Build.0 = Debug|Any CPU
		{D739C278-59AE-4B72-9117-CCA8BEC9FAB9}.Debug|Any CPU.Deploy.0 = Debug|Any CPU
		{D739C278-59AE-4B72-9117-CCA8BEC9FAB9}.Release|Any CPU.ActiveCfg = Release|Any CPU
		{D739C278-59AE-4B72-9117-CCA8BEC9FAB9}.Release|Any CPU.Build.0 = Release|Any CPU
		{D739C278-59AE-4B72-9117-CCA8BEC9FAB9}.Release|Any CPU.Deploy.0 = Release|Any CPU
		{EF05A461-F910-451D-897A-C15DF875A5D0}.Debug|Any CPU.ActiveCfg = Debug|Any CPU
		{EF05A461-F910-451D-897A-C15DF875A5D0}.Debug|Any CPU.Build.0 = Debug|Any CPU
		{EF05A461-F910-451D-897A-C15DF875A5D0}.Debug|Any CPU.Deploy.0 = Debug|Any CPU
		{EF05A461-F910-451D-897A-C15DF875A5D0}.Release|Any CPU.ActiveCfg = Release|Any CPU
		{EF05A461-F910-451D-897A-C15DF875A5D0}.Release|Any CPU.Build.0 = Release|Any CPU
		{EF05A461-F910-451D-897A-C15DF875A5D0}.Release|Any CPU.Deploy.0 = Release|Any CPU
		{E6EDBF3E-77E6-4545-ADBD-D8DC17D24A5F}.Debug|Any CPU.ActiveCfg = Debug|Any CPU
		{E6EDBF3E-77E6-4545-ADBD-D8DC17D24A5F}.Debug|Any CPU.Build.0 = Debug|Any CPU
		{E6EDBF3E-77E6-4545-ADBD-D8DC17D24A5F}.Debug|Any CPU.Deploy.0 = Debug|Any CPU
		{E6EDBF3E-77E6-4545-ADBD-D8DC17D24A5F}.Release|Any CPU.ActiveCfg = Release|Any CPU
		{E6EDBF3E-77E6-4545-ADBD-D8DC17D24A5F}.Release|Any CPU.Build.0 = Release|Any CPU
		{E6EDBF3E-77E6-4545-ADBD-D8DC17D24A5F}.Release|Any CPU.Deploy.0 = Release|Any CPU
		{704E8F21-C61E-4E41-920D-FA88D876985C}.Debug|Any CPU.ActiveCfg = Debug|Any CPU
		{704E8F21-C61E-4E41-920D-FA88D876985C}.Debug|Any CPU.Build.0 = Debug|Any CPU
		{704E8F21-C61E-4E41-920D-FA88D876985C}.Debug|Any CPU.Deploy.0 = Debug|Any CPU
		{704E8F21-C61E-4E41-920D-FA88D876985C}.Release|Any CPU.ActiveCfg = Release|Any CPU
		{704E8F21-C61E-4E41-920D-FA88D876985C}.Release|Any CPU.Build.0 = Release|Any CPU
		{704E8F21-C61E-4E41-920D-FA88D876985C}.Release|Any CPU.Deploy.0 = Release|Any CPU
		{6E8DEE5A-438C-4233-A1C1-D1AB703D680D}.Debug|Any CPU.ActiveCfg = Debug|Any CPU
		{6E8DEE5A-438C-4233-A1C1-D1AB703D680D}.Debug|Any CPU.Build.0 = Debug|Any CPU
		{6E8DEE5A-438C-4233-A1C1-D1AB703D680D}.Debug|Any CPU.Deploy.0 = Debug|Any CPU
		{6E8DEE5A-438C-4233-A1C1-D1AB703D680D}.Release|Any CPU.ActiveCfg = Release|Any CPU
		{6E8DEE5A-438C-4233-A1C1-D1AB703D680D}.Release|Any CPU.Build.0 = Release|Any CPU
		{6E8DEE5A-438C-4233-A1C1-D1AB703D680D}.Release|Any CPU.Deploy.0 = Release|Any CPU
		{093CA1A1-99D6-4428-B352-E6F02647C868}.Debug|Any CPU.ActiveCfg = Debug|Any CPU
		{093CA1A1-99D6-4428-B352-E6F02647C868}.Debug|Any CPU.Build.0 = Debug|Any CPU
		{093CA1A1-99D6-4428-B352-E6F02647C868}.Debug|Any CPU.Deploy.0 = Debug|Any CPU
		{093CA1A1-99D6-4428-B352-E6F02647C868}.Release|Any CPU.ActiveCfg = Release|Any CPU
		{093CA1A1-99D6-4428-B352-E6F02647C868}.Release|Any CPU.Build.0 = Release|Any CPU
		{093CA1A1-99D6-4428-B352-E6F02647C868}.Release|Any CPU.Deploy.0 = Release|Any CPU
		{B1B72CA2-7C8A-4C81-A946-5C8C42D654A0}.Debug|Any CPU.ActiveCfg = Debug|Any CPU
		{B1B72CA2-7C8A-4C81-A946-5C8C42D654A0}.Debug|Any CPU.Build.0 = Debug|Any CPU
		{B1B72CA2-7C8A-4C81-A946-5C8C42D654A0}.Debug|Any CPU.Deploy.0 = Debug|Any CPU
		{B1B72CA2-7C8A-4C81-A946-5C8C42D654A0}.Release|Any CPU.ActiveCfg = Release|Any CPU
		{B1B72CA2-7C8A-4C81-A946-5C8C42D654A0}.Release|Any CPU.Build.0 = Release|Any CPU
		{B1B72CA2-7C8A-4C81-A946-5C8C42D654A0}.Release|Any CPU.Deploy.0 = Release|Any CPU
		{E945410D-B90A-469F-9D5B-24074BA3ECE9}.Debug|Any CPU.ActiveCfg = Debug|Any CPU
		{E945410D-B90A-469F-9D5B-24074BA3ECE9}.Debug|Any CPU.Build.0 = Debug|Any CPU
		{E945410D-B90A-469F-9D5B-24074BA3ECE9}.Debug|Any CPU.Deploy.0 = Debug|Any CPU
		{E945410D-B90A-469F-9D5B-24074BA3ECE9}.Release|Any CPU.ActiveCfg = Release|Any CPU
		{E945410D-B90A-469F-9D5B-24074BA3ECE9}.Release|Any CPU.Build.0 = Release|Any CPU
		{E945410D-B90A-469F-9D5B-24074BA3ECE9}.Release|Any CPU.Deploy.0 = Release|Any CPU
		{3587E97C-37DC-4F64-8C01-9F4C8878D651}.Debug|Any CPU.ActiveCfg = Debug|Any CPU
		{3587E97C-37DC-4F64-8C01-9F4C8878D651}.Debug|Any CPU.Build.0 = Debug|Any CPU
		{3587E97C-37DC-4F64-8C01-9F4C8878D651}.Debug|Any CPU.Deploy.0 = Debug|Any CPU
		{3587E97C-37DC-4F64-8C01-9F4C8878D651}.Release|Any CPU.ActiveCfg = Release|Any CPU
		{3587E97C-37DC-4F64-8C01-9F4C8878D651}.Release|Any CPU.Build.0 = Release|Any CPU
		{3587E97C-37DC-4F64-8C01-9F4C8878D651}.Release|Any CPU.Deploy.0 = Release|Any CPU
		{63E90A00-3EB9-4573-B604-CCD025D88C8C}.Debug|Any CPU.ActiveCfg = Debug|Any CPU
		{63E90A00-3EB9-4573-B604-CCD025D88C8C}.Debug|Any CPU.Build.0 = Debug|Any CPU
		{63E90A00-3EB9-4573-B604-CCD025D88C8C}.Debug|Any CPU.Deploy.0 = Debug|Any CPU
		{63E90A00-3EB9-4573-B604-CCD025D88C8C}.Release|Any CPU.ActiveCfg = Release|Any CPU
		{63E90A00-3EB9-4573-B604-CCD025D88C8C}.Release|Any CPU.Build.0 = Release|Any CPU
		{63E90A00-3EB9-4573-B604-CCD025D88C8C}.Release|Any CPU.Deploy.0 = Release|Any CPU
	EndGlobalSection
	GlobalSection(SolutionProperties) = preSolution
		HideSolutionNode = FALSE
	EndGlobalSection
	GlobalSection(ExtensibilityGlobals) = postSolution
		SolutionGuid = {246F0D72-8E3E-4A56-9E98-03BF74879FF9}
	EndGlobalSection
EndGlobal
